
Microsoft Visual Studio Solution File, Format Version 12.00
# Visual Studio Version 16
VisualStudioVersion = 16.0.33214.272
MinimumVisualStudioVersion = 10.0.40219.1
Project("{8BC9CEB8-8B4A-11D0-8D11-00A0C91BC942}") = "psj4", "psj4\psj4.vcxproj", "{A486D0F9-5ADA-4FE7-9BF0-35CD31968CDB}"
EndProject
Global
	GlobalSection(SolutionConfigurationPlatforms) = preSolution
		Debug|x64 = Debug|x64
		Debug|x86 = Debug|x86
		Release|x64 = Release|x64
		Release|x86 = Release|x86
	EndGlobalSection
	GlobalSection(ProjectConfigurationPlatforms) = postSolution
		{A486D0F9-5ADA-4FE7-9BF0-35CD31968CDB}.Debug|x64.ActiveCfg = Debug|x64
		{A486D0F9-5ADA-4FE7-9BF0-35CD31968CDB}.Debug|x64.Build.0 = Debug|x64
		{A486D0F9-5ADA-4FE7-9BF0-35CD31968CDB}.Debug|x86.ActiveCfg = Debug|Win32
		{A486D0F9-5ADA-4FE7-9BF0-35CD31968CDB}.Debug|x86.Build.0 = Debug|Win32
		{A486D0F9-5ADA-4FE7-9BF0-35CD31968CDB}.Release|x64.ActiveCfg = Release|x64
		{A486D0F9-5ADA-4FE7-9BF0-35CD31968CDB}.Release|x64.Build.0 = Release|x64
		{A486D0F9-5ADA-4FE7-9BF0-35CD31968CDB}.Release|x86.ActiveCfg = Release|Win32
		{A486D0F9-5ADA-4FE7-9BF0-35CD31968CDB}.Release|x86.Build.0 = Release|Win32
	EndGlobalSection
	GlobalSection(SolutionProperties) = preSolution
		HideSolutionNode = FALSE
	EndGlobalSection
	GlobalSection(ExtensibilityGlobals) = postSolution
		SolutionGuid = {A31364C6-7A26-4BF8-9B97-93CD9720613B}
	EndGlobalSection
EndGlobal
